{
  "requires": true,
  "lockfileVersion": 1,
  "dependencies": {
    "vee-validate": {
      "version": "3.3.0",
      "resolved": "https://registry.npmjs.org/vee-validate/-/vee-validate-3.3.0.tgz",
      "integrity": "sha512-+QQZgA0I9ZTDsYNOSFlUqOvGIqW4yxjloxQCC6TD0rPn407G9hifn6RnId8kzl6+zHfl3/dE+bko49mYzgNNGg=="
    }
  }
}
